
Microsoft Visual Studio Solution File, Format Version 12.00
# Visual Studio 15
VisualStudioVersion = 15.0.27004.2009
MinimumVisualStudioVersion = 10.0.40219.1
Project("{A07B5EB6-E848-4116-A8D0-A826331D98C6}") = "ServiceFabric.ECommerce", "ServiceFabric.ECommerce\ServiceFabric.ECommerce.sfproj", "{3111F0EF-3550-4179-B00F-4E47AC9451C5}"
EndProject
Project("{FAE04EC0-301F-11D3-BF4B-00C04F79EFBC}") = "ServiceFabric.ECommerce.ProductCatalog", "ServiceFabric.ECommerce.ProductCatalog\ServiceFabric.ECommerce.ProductCatalog.csproj", "{DAF378CB-DAAD-493B-8109-65D50C395C22}"
EndProject
Global
	GlobalSection(SolutionConfigurationPlatforms) = preSolution
		Debug|x64 = Debug|x64
		Release|x64 = Release|x64
	EndGlobalSection
	GlobalSection(ProjectConfigurationPlatforms) = postSolution
		{3111F0EF-3550-4179-B00F-4E47AC9451C5}.Debug|x64.ActiveCfg = Debug|x64
		{3111F0EF-3550-4179-B00F-4E47AC9451C5}.Debug|x64.Build.0 = Debug|x64
		{3111F0EF-3550-4179-B00F-4E47AC9451C5}.Debug|x64.Deploy.0 = Debug|x64
		{3111F0EF-3550-4179-B00F-4E47AC9451C5}.Release|x64.ActiveCfg = Release|x64
		{3111F0EF-3550-4179-B00F-4E47AC9451C5}.Release|x64.Build.0 = Release|x64
		{3111F0EF-3550-4179-B00F-4E47AC9451C5}.Release|x64.Deploy.0 = Release|x64
		{DAF378CB-DAAD-493B-8109-65D50C395C22}.Debug|x64.ActiveCfg = Debug|x64
		{DAF378CB-DAAD-493B-8109-65D50C395C22}.Debug|x64.Build.0 = Debug|x64
		{DAF378CB-DAAD-493B-8109-65D50C395C22}.Release|x64.ActiveCfg = Release|x64
		{DAF378CB-DAAD-493B-8109-65D50C395C22}.Release|x64.Build.0 = Release|x64
	EndGlobalSection
	GlobalSection(SolutionProperties) = preSolution
		HideSolutionNode = FALSE
	EndGlobalSection
	GlobalSection(ExtensibilityGlobals) = postSolution
		SolutionGuid = {112E603D-760B-4177-A07D-7E8918A79666}
	EndGlobalSection
EndGlobal
