
Microsoft Visual Studio Solution File, Format Version 12.00
# Visual Studio 15
VisualStudioVersion = 15.0.27004.2009
MinimumVisualStudioVersion = 10.0.40219.1
Project("{A07B5EB6-E848-4116-A8D0-A826331D98C6}") = "ServiceFabric.ECommerce", "ServiceFabric.ECommerce\ServiceFabric.ECommerce.sfproj", "{3111F0EF-3550-4179-B00F-4E47AC9451C5}"
EndProject
Project("{FAE04EC0-301F-11D3-BF4B-00C04F79EFBC}") = "ServiceFabric.ECommerce.ProductCatalog", "ServiceFabric.ECommerce.ProductCatalog\ServiceFabric.ECommerce.ProductCatalog.csproj", "{DAF378CB-DAAD-493B-8109-65D50C395C22}"
EndProject
Project("{FAE04EC0-301F-11D3-BF4B-00C04F79EFBC}") = "ServiceFabric.ECommerce.ProductCatalog.Model", "ServiceFabric.ECommerce.ProductCatalog.Model\ServiceFabric.ECommerce.ProductCatalog.Model.csproj", "{8E0C61E2-8BF3-47B2-BE13-8F5CCF60401D}"
EndProject
Project("{9A19103F-16F7-4668-BE54-9A1E7A4F7556}") = "ServiceFabric.ECommerce.API", "ServiceFabric.ECommerce.API\ServiceFabric.ECommerce.API.csproj", "{72F755A0-A410-4F3B-98A4-4909FA4D2402}"
EndProject
Project("{FAE04EC0-301F-11D3-BF4B-00C04F79EFBC}") = "UserActor", "UserActor\UserActor.csproj", "{87C91C58-29A7-4E9D-89E6-B0448730B250}"
EndProject
Project("{FAE04EC0-301F-11D3-BF4B-00C04F79EFBC}") = "UserActor.Interfaces", "UserActor.Interfaces\UserActor.Interfaces.csproj", "{4CA2FF73-66D7-4B15-8732-4773217E7BA3}"
EndProject
Project("{FAE04EC0-301F-11D3-BF4B-00C04F79EFBC}") = "ServiceFabric.ECommerce.CheckoutService", "ServiceFabric.ECommerce.CheckoutService\ServiceFabric.ECommerce.CheckoutService.csproj", "{BE3B9542-1791-431B-96C8-0227FCA958AC}"
EndProject
Project("{FAE04EC0-301F-11D3-BF4B-00C04F79EFBC}") = "ServiceFabric.ECommerce.CheckoutService.Model", "ServiceFabric.ECommerce.CheckoutService.Model\ServiceFabric.ECommerce.CheckoutService.Model.csproj", "{3A6C4194-0A17-4046-96C5-9AC4E23AF29A}"
EndProject
Project("{2150E333-8FDC-42A3-9474-1A3956D46DE8}") = "UserActor Service", "UserActor Service", "{816BCB5A-A8D9-4E2A-BB56-EBDAE7E21454}"
EndProject
Project("{2150E333-8FDC-42A3-9474-1A3956D46DE8}") = "ProductCatalog Service", "ProductCatalog Service", "{5B562569-A7DF-40FC-A76E-C09986048772}"
EndProject
Project("{2150E333-8FDC-42A3-9474-1A3956D46DE8}") = "Checkout Service", "Checkout Service", "{E9F9881B-6AD8-46D7-A9E4-E3B618D9E76B}"
EndProject
Global
	GlobalSection(SolutionConfigurationPlatforms) = preSolution
		Debug|Any CPU = Debug|Any CPU
		Debug|x64 = Debug|x64
		Release|Any CPU = Release|Any CPU
		Release|x64 = Release|x64
	EndGlobalSection
	GlobalSection(ProjectConfigurationPlatforms) = postSolution
		{3111F0EF-3550-4179-B00F-4E47AC9451C5}.Debug|Any CPU.ActiveCfg = Debug|x64
		{3111F0EF-3550-4179-B00F-4E47AC9451C5}.Debug|x64.ActiveCfg = Debug|x64
		{3111F0EF-3550-4179-B00F-4E47AC9451C5}.Debug|x64.Build.0 = Debug|x64
		{3111F0EF-3550-4179-B00F-4E47AC9451C5}.Debug|x64.Deploy.0 = Debug|x64
		{3111F0EF-3550-4179-B00F-4E47AC9451C5}.Release|Any CPU.ActiveCfg = Release|x64
		{3111F0EF-3550-4179-B00F-4E47AC9451C5}.Release|x64.ActiveCfg = Release|x64
		{3111F0EF-3550-4179-B00F-4E47AC9451C5}.Release|x64.Build.0 = Release|x64
		{3111F0EF-3550-4179-B00F-4E47AC9451C5}.Release|x64.Deploy.0 = Release|x64
		{DAF378CB-DAAD-493B-8109-65D50C395C22}.Debug|Any CPU.ActiveCfg = Debug|x64
		{DAF378CB-DAAD-493B-8109-65D50C395C22}.Debug|x64.ActiveCfg = Debug|x64
		{DAF378CB-DAAD-493B-8109-65D50C395C22}.Debug|x64.Build.0 = Debug|x64
		{DAF378CB-DAAD-493B-8109-65D50C395C22}.Release|Any CPU.ActiveCfg = Release|x64
		{DAF378CB-DAAD-493B-8109-65D50C395C22}.Release|x64.ActiveCfg = Release|x64
		{DAF378CB-DAAD-493B-8109-65D50C395C22}.Release|x64.Build.0 = Release|x64
		{8E0C61E2-8BF3-47B2-BE13-8F5CCF60401D}.Debug|Any CPU.ActiveCfg = Debug|Any CPU
		{8E0C61E2-8BF3-47B2-BE13-8F5CCF60401D}.Debug|Any CPU.Build.0 = Debug|Any CPU
		{8E0C61E2-8BF3-47B2-BE13-8F5CCF60401D}.Debug|x64.ActiveCfg = Debug|Any CPU
		{8E0C61E2-8BF3-47B2-BE13-8F5CCF60401D}.Debug|x64.Build.0 = Debug|Any CPU
		{8E0C61E2-8BF3-47B2-BE13-8F5CCF60401D}.Release|Any CPU.ActiveCfg = Release|Any CPU
		{8E0C61E2-8BF3-47B2-BE13-8F5CCF60401D}.Release|Any CPU.Build.0 = Release|Any CPU
		{8E0C61E2-8BF3-47B2-BE13-8F5CCF60401D}.Release|x64.ActiveCfg = Release|Any CPU
		{8E0C61E2-8BF3-47B2-BE13-8F5CCF60401D}.Release|x64.Build.0 = Release|Any CPU
		{72F755A0-A410-4F3B-98A4-4909FA4D2402}.Debug|Any CPU.ActiveCfg = Debug|Any CPU
		{72F755A0-A410-4F3B-98A4-4909FA4D2402}.Debug|Any CPU.Build.0 = Debug|Any CPU
		{72F755A0-A410-4F3B-98A4-4909FA4D2402}.Debug|x64.ActiveCfg = Debug|Any CPU
		{72F755A0-A410-4F3B-98A4-4909FA4D2402}.Debug|x64.Build.0 = Debug|Any CPU
		{72F755A0-A410-4F3B-98A4-4909FA4D2402}.Release|Any CPU.ActiveCfg = Release|Any CPU
		{72F755A0-A410-4F3B-98A4-4909FA4D2402}.Release|Any CPU.Build.0 = Release|Any CPU
		{72F755A0-A410-4F3B-98A4-4909FA4D2402}.Release|x64.ActiveCfg = Release|Any CPU
		{72F755A0-A410-4F3B-98A4-4909FA4D2402}.Release|x64.Build.0 = Release|Any CPU
		{87C91C58-29A7-4E9D-89E6-B0448730B250}.Debug|Any CPU.ActiveCfg = Debug|x64
		{87C91C58-29A7-4E9D-89E6-B0448730B250}.Debug|x64.ActiveCfg = Debug|x64
		{87C91C58-29A7-4E9D-89E6-B0448730B250}.Debug|x64.Build.0 = Debug|x64
		{87C91C58-29A7-4E9D-89E6-B0448730B250}.Release|Any CPU.ActiveCfg = Release|x64
		{87C91C58-29A7-4E9D-89E6-B0448730B250}.Release|x64.ActiveCfg = Release|x64
		{87C91C58-29A7-4E9D-89E6-B0448730B250}.Release|x64.Build.0 = Release|x64
		{4CA2FF73-66D7-4B15-8732-4773217E7BA3}.Debug|Any CPU.ActiveCfg = Debug|x64
		{4CA2FF73-66D7-4B15-8732-4773217E7BA3}.Debug|x64.ActiveCfg = Debug|x64
		{4CA2FF73-66D7-4B15-8732-4773217E7BA3}.Debug|x64.Build.0 = Debug|x64
		{4CA2FF73-66D7-4B15-8732-4773217E7BA3}.Release|Any CPU.ActiveCfg = Release|x64
		{4CA2FF73-66D7-4B15-8732-4773217E7BA3}.Release|x64.ActiveCfg = Release|x64
		{4CA2FF73-66D7-4B15-8732-4773217E7BA3}.Release|x64.Build.0 = Release|x64
		{BE3B9542-1791-431B-96C8-0227FCA958AC}.Debug|Any CPU.ActiveCfg = Debug|x64
		{BE3B9542-1791-431B-96C8-0227FCA958AC}.Debug|x64.ActiveCfg = Debug|x64
		{BE3B9542-1791-431B-96C8-0227FCA958AC}.Debug|x64.Build.0 = Debug|x64
		{BE3B9542-1791-431B-96C8-0227FCA958AC}.Release|Any CPU.ActiveCfg = Release|x64
		{BE3B9542-1791-431B-96C8-0227FCA958AC}.Release|x64.ActiveCfg = Release|x64
		{BE3B9542-1791-431B-96C8-0227FCA958AC}.Release|x64.Build.0 = Release|x64
		{3A6C4194-0A17-4046-96C5-9AC4E23AF29A}.Debug|Any CPU.ActiveCfg = Debug|Any CPU
		{3A6C4194-0A17-4046-96C5-9AC4E23AF29A}.Debug|Any CPU.Build.0 = Debug|Any CPU
		{3A6C4194-0A17-4046-96C5-9AC4E23AF29A}.Debug|x64.ActiveCfg = Debug|Any CPU
		{3A6C4194-0A17-4046-96C5-9AC4E23AF29A}.Debug|x64.Build.0 = Debug|Any CPU
		{3A6C4194-0A17-4046-96C5-9AC4E23AF29A}.Release|Any CPU.ActiveCfg = Release|Any CPU
		{3A6C4194-0A17-4046-96C5-9AC4E23AF29A}.Release|Any CPU.Build.0 = Release|Any CPU
		{3A6C4194-0A17-4046-96C5-9AC4E23AF29A}.Release|x64.ActiveCfg = Release|Any CPU
		{3A6C4194-0A17-4046-96C5-9AC4E23AF29A}.Release|x64.Build.0 = Release|Any CPU
	EndGlobalSection
	GlobalSection(SolutionProperties) = preSolution
		HideSolutionNode = FALSE
	EndGlobalSection
	GlobalSection(NestedProjects) = preSolution
		{DAF378CB-DAAD-493B-8109-65D50C395C22} = {5B562569-A7DF-40FC-A76E-C09986048772}
		{8E0C61E2-8BF3-47B2-BE13-8F5CCF60401D} = {5B562569-A7DF-40FC-A76E-C09986048772}
		{87C91C58-29A7-4E9D-89E6-B0448730B250} = {816BCB5A-A8D9-4E2A-BB56-EBDAE7E21454}
		{4CA2FF73-66D7-4B15-8732-4773217E7BA3} = {816BCB5A-A8D9-4E2A-BB56-EBDAE7E21454}
		{BE3B9542-1791-431B-96C8-0227FCA958AC} = {E9F9881B-6AD8-46D7-A9E4-E3B618D9E76B}
		{3A6C4194-0A17-4046-96C5-9AC4E23AF29A} = {E9F9881B-6AD8-46D7-A9E4-E3B618D9E76B}
	EndGlobalSection
	GlobalSection(ExtensibilityGlobals) = postSolution
		SolutionGuid = {112E603D-760B-4177-A07D-7E8918A79666}
	EndGlobalSection
EndGlobal
